
Microsoft Visual Studio Solution File, Format Version 12.00
# Visual Studio Version 16
VisualStudioVersion = 25.0.1705.7
MinimumVisualStudioVersion = 10.0.40219.1
Project("{FAE04EC0-301F-11D3-BF4B-00C04F79EFBC}") = "calculatorinc", "calculatorinc\calculatorinc.csproj", "{503E7E8C-F560-4554-BE14-1B6A5E98A7A9}"
EndProject
Global
	GlobalSection(SolutionConfigurationPlatforms) = preSolution
		Debug|Any CPU = Debug|Any CPU
		Release|Any CPU = Release|Any CPU
	EndGlobalSection
	GlobalSection(ProjectConfigurationPlatforms) = postSolution
		{503E7E8C-F560-4554-BE14-1B6A5E98A7A9}.Debug|Any CPU.ActiveCfg = Debug|Any CPU
		{503E7E8C-F560-4554-BE14-1B6A5E98A7A9}.Debug|Any CPU.Build.0 = Debug|Any CPU
		{503E7E8C-F560-4554-BE14-1B6A5E98A7A9}.Release|Any CPU.ActiveCfg = Release|Any CPU
		{503E7E8C-F560-4554-BE14-1B6A5E98A7A9}.Release|Any CPU.Build.0 = Release|Any CPU
	EndGlobalSection
	GlobalSection(SolutionProperties) = preSolution
		HideSolutionNode = FALSE
	EndGlobalSection
	GlobalSection(ExtensibilityGlobals) = postSolution
		SolutionGuid = {C604B048-AE98-4182-9643-2154606CB1B2}
	EndGlobalSection
EndGlobal
